{
  "name": "EASports-Project",
  "lockfileVersion": 2,
  "requires": true,
  "packages": {
    "": {
      "dependencies": {
        "flag-icons": "^6.6.6"
      }
    },
    "node_modules/flag-icons": {
      "version": "6.6.6",
      "resolved": "https://registry.npmjs.org/flag-icons/-/flag-icons-6.6.6.tgz",
      "integrity": "sha512-4lHDKxldnQ7q617pf9Dx9nAetT+9zcMpUexbRrc9kjLw9KJgZ83zA5Dky3Vv7ZDzUjAiZ46x/cy5P0HnEnqA2A=="
    }
  },
  "dependencies": {
    "flag-icons": {
      "version": "6.6.6",
      "resolved": "https://registry.npmjs.org/flag-icons/-/flag-icons-6.6.6.tgz",
      "integrity": "sha512-4lHDKxldnQ7q617pf9Dx9nAetT+9zcMpUexbRrc9kjLw9KJgZ83zA5Dky3Vv7ZDzUjAiZ46x/cy5P0HnEnqA2A=="
    }
  }
}
